// !$*UTF8*$!
{
	archiveVersion = 1;
	classes = {
	};
	objectVersion = 46;
	objects = {

/* Begin PBXBuildFile section */
		387F4F90421CCCF027ABEEA0 /* libPods-Framework2.a in Frameworks */ = {isa = PBXBuildFile; fileRef = 2DF272E067DDF4F4E8A5690A /* libPods-Framework2.a */; };
		AD1063951E67C0C0009EDC15 /* BaseRequest.m in Sources */ = {isa = PBXBuildFile; fileRef = AD1063941E67C0C0009EDC15 /* BaseRequest.m */; };
		AD1561891EAEE1910086B874 /* ClircleHeaderView.m in Sources */ = {isa = PBXBuildFile; fileRef = AD1561881EAEE1910086B874 /* ClircleHeaderView.m */; };
		AD15618C1EAEE1C00086B874 /* ClircleVC.m in Sources */ = {isa = PBXBuildFile; fileRef = AD15618B1EAEE1C00086B874 /* ClircleVC.m */; };
		AD1C2BD21E6E4C7300328DD5 /* HomeViewController.m in Sources */ = {isa = PBXBuildFile; fileRef = AD1C2BD11E6E4C7300328DD5 /* HomeViewController.m */; };
		AD1C2BD51E6E4D3500328DD5 /* DownloadManager.m in Sources */ = {isa = PBXBuildFile; fileRef = AD1C2BD41E6E4D3500328DD5 /* DownloadManager.m */; };
		AD381CE21E8107D300AEA234 /* CollectionVC.m in Sources */ = {isa = PBXBuildFile; fileRef = AD381CE11E8107D300AEA234 /* CollectionVC.m */; };
		AD381CE51E81080000AEA234 /* HomeCollectionView.m in Sources */ = {isa = PBXBuildFile; fileRef = AD381CE41E81080000AEA234 /* HomeCollectionView.m */; };
		AD381CE81E81088600AEA234 /* HomeCollectionCell.m in Sources */ = {isa = PBXBuildFile; fileRef = AD381CE71E81088600AEA234 /* HomeCollectionCell.m */; };
		AD381CEB1E81130B00AEA234 /* HomeBannerView.m in Sources */ = {isa = PBXBuildFile; fileRef = AD381CEA1E81130B00AEA234 /* HomeBannerView.m */; };
		AD381CEE1E81172B00AEA234 /* HomeTitleCollectionCell.m in Sources */ = {isa = PBXBuildFile; fileRef = AD381CED1E81172B00AEA234 /* HomeTitleCollectionCell.m */; };
		AD4A3D561EB8261F0019AD0F /* .gitkeep in Resources */ = {isa = PBXBuildFile; fileRef = AD4A3D441EB8261F0019AD0F /* .gitkeep */; };
		AD4A3D571EB8261F0019AD0F /* KRVideoPlayerController.m in Sources */ = {isa = PBXBuildFile; fileRef = AD4A3D461EB8261F0019AD0F /* KRVideoPlayerController.m */; };
		AD4A3D581EB8261F0019AD0F /* KRVideoPlayerControlView.m in Sources */ = {isa = PBXBuildFile; fileRef = AD4A3D481EB8261F0019AD0F /* KRVideoPlayerControlView.m */; };
		AD4A3D5B1EB826520019AD0F /* VideoVC.m in Sources */ = {isa = PBXBuildFile; fileRef = AD4A3D5A1EB826520019AD0F /* VideoVC.m */; };
		AD4E00BB1ECAEFC100AB683B /* IJKVideoPlayerView.m in Sources */ = {isa = PBXBuildFile; fileRef = AD4E00BA1ECAEFC100AB683B /* IJKVideoPlayerView.m */; };
		AD4E00BE1ECB01D200AB683B /* VideoVC3.m in Sources */ = {isa = PBXBuildFile; fileRef = AD4E00BD1ECB01D200AB683B /* VideoVC3.m */; };
		AD50E1371EC9911600C31867 /* FastForwardView.m in Sources */ = {isa = PBXBuildFile; fileRef = AD50E1301EC9911600C31867 /* FastForwardView.m */; };
		AD50E1381EC9911600C31867 /* FastForwardView.xib in Resources */ = {isa = PBXBuildFile; fileRef = AD50E1311EC9911600C31867 /* FastForwardView.xib */; };
		AD50E1391EC9911600C31867 /* WMLightView.m in Sources */ = {isa = PBXBuildFile; fileRef = AD50E1331EC9911600C31867 /* WMLightView.m */; };
		AD50E13A1EC9911600C31867 /* WMPlayer.bundle in Resources */ = {isa = PBXBuildFile; fileRef = AD50E1341EC9911600C31867 /* WMPlayer.bundle */; };
		AD50E13B1EC9911600C31867 /* WMPlayer.m in Sources */ = {isa = PBXBuildFile; fileRef = AD50E1361EC9911600C31867 /* WMPlayer.m */; };
		AD5ED4DD1EC1908400F70DA6 /* VideoVC2.m in Sources */ = {isa = PBXBuildFile; fileRef = AD5ED4DC1EC1908400F70DA6 /* VideoVC2.m */; };
		AD5ED50A1EC19CA100F70DA6 /* libbz2.1.0.tbd in Frameworks */ = {isa = PBXBuildFile; fileRef = AD5ED5091EC19CA100F70DA6 /* libbz2.1.0.tbd */; };
		AD5ED50C1EC19CAC00F70DA6 /* libz.1.tbd in Frameworks */ = {isa = PBXBuildFile; fileRef = AD5ED50B1EC19CAC00F70DA6 /* libz.1.tbd */; };
		AD5ED50E1EC19CB400F70DA6 /* libc++.1.tbd in Frameworks */ = {isa = PBXBuildFile; fileRef = AD5ED50D1EC19CB400F70DA6 /* libc++.1.tbd */; };
		AD5ED5101EC19CBD00F70DA6 /* libiconv.2.tbd in Frameworks */ = {isa = PBXBuildFile; fileRef = AD5ED50F1EC19CBD00F70DA6 /* libiconv.2.tbd */; };
		AD5ED5121EC19CC900F70DA6 /* libstdc++.6.0.9.tbd in Frameworks */ = {isa = PBXBuildFile; fileRef = AD5ED5111EC19CC900F70DA6 /* libstdc++.6.0.9.tbd */; };
		AD5ED5141EC19CD500F70DA6 /* MediaPlayer.framework in Frameworks */ = {isa = PBXBuildFile; fileRef = AD5ED5131EC19CD500F70DA6 /* MediaPlayer.framework */; };
		AD5ED5161EC19CDC00F70DA6 /* AVFoundation.framework in Frameworks */ = {isa = PBXBuildFile; fileRef = AD5ED5151EC19CDC00F70DA6 /* AVFoundation.framework */; };
		AD5ED5181EC19CE400F70DA6 /* CoreAudio.framework in Frameworks */ = {isa = PBXBuildFile; fileRef = AD5ED5171EC19CE400F70DA6 /* CoreAudio.framework */; };
		AD5ED51A1EC19CF800F70DA6 /* CoreVideo.framework in Frameworks */ = {isa = PBXBuildFile; fileRef = AD5ED5191EC19CF800F70DA6 /* CoreVideo.framework */; };
		AD5ED51C1EC19D0000F70DA6 /* CoreMedia.framework in Frameworks */ = {isa = PBXBuildFile; fileRef = AD5ED51B1EC19D0000F70DA6 /* CoreMedia.framework */; };
		AD5ED51E1EC19D0800F70DA6 /* VideoToolbox.framework in Frameworks */ = {isa = PBXBuildFile; fileRef = AD5ED51D1EC19D0800F70DA6 /* VideoToolbox.framework */; };
		AD5ED5201EC19D0F00F70DA6 /* AudioToolbox.framework in Frameworks */ = {isa = PBXBuildFile; fileRef = AD5ED51F1EC19D0E00F70DA6 /* AudioToolbox.framework */; };
		AD7063501F6A1A3B00BC9F1E /* UIView+HUD.m in Sources */ = {isa = PBXBuildFile; fileRef = AD70634F1F6A1A3B00BC9F1E /* UIView+HUD.m */; };
		AD7063521F6A669D00BC9F1E /* IJKMediaFramework.framework in Frameworks */ = {isa = PBXBuildFile; fileRef = AD7063511F6A669D00BC9F1E /* IJKMediaFramework.framework */; };
		ADFBE43A1E6FF15900E6585C /* AdRequest.m in Sources */ = {isa = PBXBuildFile; fileRef = ADFBE4391E6FF15900E6585C /* AdRequest.m */; };
		ADFBE43D1E6FF18E00E6585C /* AdModel.m in Sources */ = {isa = PBXBuildFile; fileRef = ADFBE43C1E6FF18E00E6585C /* AdModel.m */; };
		ADFBE4401E6FFAF900E6585C /* HSDownloadManager.m in Sources */ = {isa = PBXBuildFile; fileRef = ADFBE43F1E6FFAF900E6585C /* HSDownloadManager.m */; };
		ADFBE4481E6FFC7600E6585C /* DownloadVC.m in Sources */ = {isa = PBXBuildFile; fileRef = ADFBE4461E6FFC7600E6585C /* DownloadVC.m */; };
		ADFBE4491E6FFC7600E6585C /* DownloadVC.xib in Resources */ = {isa = PBXBuildFile; fileRef = ADFBE4471E6FFC7600E6585C /* DownloadVC.xib */; };
		ADFBE44D1E70028200E6585C /* DownloadVC2.m in Sources */ = {isa = PBXBuildFile; fileRef = ADFBE44B1E70028200E6585C /* DownloadVC2.m */; };
		ADFBE44E1E70028200E6585C /* DownloadVC2.xib in Resources */ = {isa = PBXBuildFile; fileRef = ADFBE44C1E70028200E6585C /* DownloadVC2.xib */; };
		EE6100101DABDE95004D0DD9 /* NSObject+Utils.m in Sources */ = {isa = PBXBuildFile; fileRef = EE61FFDC1DABDE95004D0DD9 /* NSObject+Utils.m */; };
		EE6100111DABDE95004D0DD9 /* NSString+Utils.m in Sources */ = {isa = PBXBuildFile; fileRef = EE61FFDE1DABDE95004D0DD9 /* NSString+Utils.m */; };
		EE6100121DABDE95004D0DD9 /* UIActionSheet+Utils.m in Sources */ = {isa = PBXBuildFile; fileRef = EE61FFE01DABDE95004D0DD9 /* UIActionSheet+Utils.m */; };
		EE6100131DABDE95004D0DD9 /* UIAlertView+Utils.m in Sources */ = {isa = PBXBuildFile; fileRef = EE61FFE21DABDE95004D0DD9 /* UIAlertView+Utils.m */; };
		EE6100141DABDE95004D0DD9 /* UIColor+Utils.m in Sources */ = {isa = PBXBuildFile; fileRef = EE61FFE41DABDE95004D0DD9 /* UIColor+Utils.m */; };
		EE6100151DABDE95004D0DD9 /* UIImage+Resize.m in Sources */ = {isa = PBXBuildFile; fileRef = EE61FFE61DABDE95004D0DD9 /* UIImage+Resize.m */; };
		EE6100161DABDE95004D0DD9 /* UIImage+Utils.m in Sources */ = {isa = PBXBuildFile; fileRef = EE61FFE81DABDE95004D0DD9 /* UIImage+Utils.m */; };
		EE6100171DABDE95004D0DD9 /* UILabel+Utils.m in Sources */ = {isa = PBXBuildFile; fileRef = EE61FFEA1DABDE95004D0DD9 /* UILabel+Utils.m */; };
		EE6100181DABDE95004D0DD9 /* UIView+Utils.m in Sources */ = {isa = PBXBuildFile; fileRef = EE61FFEC1DABDE95004D0DD9 /* UIView+Utils.m */; };
		EE6100191DABDE95004D0DD9 /* BaseNavigationViewController.m in Sources */ = {isa = PBXBuildFile; fileRef = EE61FFEF1DABDE95004D0DD9 /* BaseNavigationViewController.m */; };
		EE61001A1DABDE95004D0DD9 /* BaseTabBarController.m in Sources */ = {isa = PBXBuildFile; fileRef = EE61FFF11DABDE95004D0DD9 /* BaseTabBarController.m */; };
		EE61001B1DABDE95004D0DD9 /* BaseTableViewController.m in Sources */ = {isa = PBXBuildFile; fileRef = EE61FFF31DABDE95004D0DD9 /* BaseTableViewController.m */; };
		EE61001C1DABDE95004D0DD9 /* BaseViewController.m in Sources */ = {isa = PBXBuildFile; fileRef = EE61FFF51DABDE95004D0DD9 /* BaseViewController.m */; };
		EE61001D1DABDE95004D0DD9 /* BaseWebViewController.m in Sources */ = {isa = PBXBuildFile; fileRef = EE61FFF71DABDE95004D0DD9 /* BaseWebViewController.m */; };
		EE61001E1DABDE95004D0DD9 /* BannerScrollView.m in Sources */ = {isa = PBXBuildFile; fileRef = EE61FFFA1DABDE95004D0DD9 /* BannerScrollView.m */; };
		EE61001F1DABDE95004D0DD9 /* BaseView.m in Sources */ = {isa = PBXBuildFile; fileRef = EE61FFFC1DABDE95004D0DD9 /* BaseView.m */; };
		EE6100201DABDE95004D0DD9 /* ComboxPickerView.m in Sources */ = {isa = PBXBuildFile; fileRef = EE61FFFE1DABDE95004D0DD9 /* ComboxPickerView.m */; };
		EE6100211DABDE95004D0DD9 /* JamPickerView.m in Sources */ = {isa = PBXBuildFile; fileRef = EE6100001DABDE95004D0DD9 /* JamPickerView.m */; };
		EE6100221DABDE95004D0DD9 /* LockView.m in Sources */ = {isa = PBXBuildFile; fileRef = EE6100021DABDE95004D0DD9 /* LockView.m */; };
		EE6100231DABDE95004D0DD9 /* PlaceholderTextView.m in Sources */ = {isa = PBXBuildFile; fileRef = EE6100041DABDE95004D0DD9 /* PlaceholderTextView.m */; };
		EE6100251DABDE95004D0DD9 /* ToastView.m in Sources */ = {isa = PBXBuildFile; fileRef = EE6100081DABDE95004D0DD9 /* ToastView.m */; };
		EE61FFC31DABDDEB004D0DD9 /* main.m in Sources */ = {isa = PBXBuildFile; fileRef = EE61FFC21DABDDEB004D0DD9 /* main.m */; };
		EE61FFC61DABDDEB004D0DD9 /* AppDelegate.m in Sources */ = {isa = PBXBuildFile; fileRef = EE61FFC51DABDDEB004D0DD9 /* AppDelegate.m */; };
		EE61FFCC1DABDDEB004D0DD9 /* Main.storyboard in Resources */ = {isa = PBXBuildFile; fileRef = EE61FFCA1DABDDEB004D0DD9 /* Main.storyboard */; };
		EE61FFCE1DABDDEB004D0DD9 /* Assets.xcassets in Resources */ = {isa = PBXBuildFile; fileRef = EE61FFCD1DABDDEB004D0DD9 /* Assets.xcassets */; };
		EE61FFD11DABDDEB004D0DD9 /* LaunchScreen.storyboard in Resources */ = {isa = PBXBuildFile; fileRef = EE61FFCF1DABDDEB004D0DD9 /* LaunchScreen.storyboard */; };
/* End PBXBuildFile section */

/* Begin PBXFileReference section */
		2DF272E067DDF4F4E8A5690A /* libPods-Framework2.a */ = {isa = PBXFileReference; explicitFileType = archive.ar; includeInIndex = 0; path = "libPods-Framework2.a"; sourceTree = BUILT_PRODUCTS_DIR; };
		46C561C29BBFA3BCCB31CBB1 /* Pods-Framework2.debug.xcconfig */ = {isa = PBXFileReference; includeInIndex = 1; lastKnownFileType = text.xcconfig; name = "Pods-Framework2.debug.xcconfig"; path = "Pods/Target Support Files/Pods-Framework2/Pods-Framework2.debug.xcconfig"; sourceTree = "<group>"; };
		522CC26F2F4FFA6618D58CDD /* Pods-Framework2.release.xcconfig */ = {isa = PBXFileReference; includeInIndex = 1; lastKnownFileType = text.xcconfig; name = "Pods-Framework2.release.xcconfig"; path = "Pods/Target Support Files/Pods-Framework2/Pods-Framework2.release.xcconfig"; sourceTree = "<group>"; };
		AD1063931E67C0C0009EDC15 /* BaseRequest.h */ = {isa = PBXFileReference; fileEncoding = 4; lastKnownFileType = sourcecode.c.h; path = BaseRequest.h; sourceTree = "<group>"; };
		AD1063941E67C0C0009EDC15 /* BaseRequest.m */ = {isa = PBXFileReference; fileEncoding = 4; lastKnownFileType = sourcecode.c.objc; path = BaseRequest.m; sourceTree = "<group>"; };
		AD1561871EAEE1910086B874 /* ClircleHeaderView.h */ = {isa = PBXFileReference; fileEncoding = 4; lastKnownFileType = sourcecode.c.h; path = ClircleHeaderView.h; sourceTree = "<group>"; };
		AD1561881EAEE1910086B874 /* ClircleHeaderView.m */ = {isa = PBXFileReference; fileEncoding = 4; lastKnownFileType = sourcecode.c.objc; path = ClircleHeaderView.m; sourceTree = "<group>"; };
		AD15618A1EAEE1C00086B874 /* ClircleVC.h */ = {isa = PBXFileReference; fileEncoding = 4; lastKnownFileType = sourcecode.c.h; path = ClircleVC.h; sourceTree = "<group>"; };
		AD15618B1EAEE1C00086B874 /* ClircleVC.m */ = {isa = PBXFileReference; fileEncoding = 4; lastKnownFileType = sourcecode.c.objc; path = ClircleVC.m; sourceTree = "<group>"; };
		AD1C2BD01E6E4C7300328DD5 /* HomeViewController.h */ = {isa = PBXFileReference; fileEncoding = 4; lastKnownFileType = sourcecode.c.h; path = HomeViewController.h; sourceTree = "<group>"; };
		AD1C2BD11E6E4C7300328DD5 /* HomeViewController.m */ = {isa = PBXFileReference; fileEncoding = 4; lastKnownFileType = sourcecode.c.objc; path = HomeViewController.m; sourceTree = "<group>"; };
		AD1C2BD31E6E4D3500328DD5 /* DownloadManager.h */ = {isa = PBXFileReference; fileEncoding = 4; lastKnownFileType = sourcecode.c.h; path = DownloadManager.h; sourceTree = "<group>"; };
		AD1C2BD41E6E4D3500328DD5 /* DownloadManager.m */ = {isa = PBXFileReference; fileEncoding = 4; lastKnownFileType = sourcecode.c.objc; path = DownloadManager.m; sourceTree = "<group>"; };
		AD381CE01E8107D300AEA234 /* CollectionVC.h */ = {isa = PBXFileReference; fileEncoding = 4; lastKnownFileType = sourcecode.c.h; path = CollectionVC.h; sourceTree = "<group>"; };
		AD381CE11E8107D300AEA234 /* CollectionVC.m */ = {isa = PBXFileReference; fileEncoding = 4; lastKnownFileType = sourcecode.c.objc; path = CollectionVC.m; sourceTree = "<group>"; };
		AD381CE31E81080000AEA234 /* HomeCollectionView.h */ = {isa = PBXFileReference; fileEncoding = 4; lastKnownFileType = sourcecode.c.h; path = HomeCollectionView.h; sourceTree = "<group>"; };
		AD381CE41E81080000AEA234 /* HomeCollectionView.m */ = {isa = PBXFileReference; fileEncoding = 4; lastKnownFileType = sourcecode.c.objc; path = HomeCollectionView.m; sourceTree = "<group>"; };
		AD381CE61E81088600AEA234 /* HomeCollectionCell.h */ = {isa = PBXFileReference; fileEncoding = 4; lastKnownFileType = sourcecode.c.h; path = HomeCollectionCell.h; sourceTree = "<group>"; };
		AD381CE71E81088600AEA234 /* HomeCollectionCell.m */ = {isa = PBXFileReference; fileEncoding = 4; lastKnownFileType = sourcecode.c.objc; path = HomeCollectionCell.m; sourceTree = "<group>"; };
		AD381CE91E81130B00AEA234 /* HomeBannerView.h */ = {isa = PBXFileReference; fileEncoding = 4; lastKnownFileType = sourcecode.c.h; path = HomeBannerView.h; sourceTree = "<group>"; };
		AD381CEA1E81130B00AEA234 /* HomeBannerView.m */ = {isa = PBXFileReference; fileEncoding = 4; lastKnownFileType = sourcecode.c.objc; path = HomeBannerView.m; sourceTree = "<group>"; };
		AD381CEC1E81172B00AEA234 /* HomeTitleCollectionCell.h */ = {isa = PBXFileReference; fileEncoding = 4; lastKnownFileType = sourcecode.c.h; path = HomeTitleCollectionCell.h; sourceTree = "<group>"; };
		AD381CED1E81172B00AEA234 /* HomeTitleCollectionCell.m */ = {isa = PBXFileReference; fileEncoding = 4; lastKnownFileType = sourcecode.c.objc; path = HomeTitleCollectionCell.m; sourceTree = "<group>"; };
		AD4A3D441EB8261F0019AD0F /* .gitkeep */ = {isa = PBXFileReference; fileEncoding = 4; lastKnownFileType = text; path = .gitkeep; sourceTree = "<group>"; };
		AD4A3D451EB8261F0019AD0F /* KRVideoPlayerController.h */ = {isa = PBXFileReference; fileEncoding = 4; lastKnownFileType = sourcecode.c.h; path = KRVideoPlayerController.h; sourceTree = "<group>"; };
		AD4A3D461EB8261F0019AD0F /* KRVideoPlayerController.m */ = {isa = PBXFileReference; fileEncoding = 4; lastKnownFileType = sourcecode.c.objc; path = KRVideoPlayerController.m; sourceTree = "<group>"; };
		AD4A3D471EB8261F0019AD0F /* KRVideoPlayerControlView.h */ = {isa = PBXFileReference; fileEncoding = 4; lastKnownFileType = sourcecode.c.h; path = KRVideoPlayerControlView.h; sourceTree = "<group>"; };
		AD4A3D481EB8261F0019AD0F /* KRVideoPlayerControlView.m */ = {isa = PBXFileReference; fileEncoding = 4; lastKnownFileType = sourcecode.c.objc; path = KRVideoPlayerControlView.m; sourceTree = "<group>"; };
		AD4A3D591EB826520019AD0F /* VideoVC.h */ = {isa = PBXFileReference; fileEncoding = 4; lastKnownFileType = sourcecode.c.h; path = VideoVC.h; sourceTree = "<group>"; };
		AD4A3D5A1EB826520019AD0F /* VideoVC.m */ = {isa = PBXFileReference; fileEncoding = 4; lastKnownFileType = sourcecode.c.objc; path = VideoVC.m; sourceTree = "<group>"; };
		AD4E00B91ECAEFC100AB683B /* IJKVideoPlayerView.h */ = {isa = PBXFileReference; fileEncoding = 4; lastKnownFileType = sourcecode.c.h; path = IJKVideoPlayerView.h; sourceTree = "<group>"; };
		AD4E00BA1ECAEFC100AB683B /* IJKVideoPlayerView.m */ = {isa = PBXFileReference; fileEncoding = 4; lastKnownFileType = sourcecode.c.objc; path = IJKVideoPlayerView.m; sourceTree = "<group>"; };
		AD4E00BC1ECB01D200AB683B /* VideoVC3.h */ = {isa = PBXFileReference; fileEncoding = 4; lastKnownFileType = sourcecode.c.h; path = VideoVC3.h; sourceTree = "<group>"; };
		AD4E00BD1ECB01D200AB683B /* VideoVC3.m */ = {isa = PBXFileReference; fileEncoding = 4; lastKnownFileType = sourcecode.c.objc; path = VideoVC3.m; sourceTree = "<group>"; };
		AD50E12F1EC9911600C31867 /* FastForwardView.h */ = {isa = PBXFileReference; fileEncoding = 4; lastKnownFileType = sourcecode.c.h; path = FastForwardView.h; sourceTree = "<group>"; };
		AD50E1301EC9911600C31867 /* FastForwardView.m */ = {isa = PBXFileReference; fileEncoding = 4; lastKnownFileType = sourcecode.c.objc; path = FastForwardView.m; sourceTree = "<group>"; };
		AD50E1311EC9911600C31867 /* FastForwardView.xib */ = {isa = PBXFileReference; fileEncoding = 4; lastKnownFileType = file.xib; path = FastForwardView.xib; sourceTree = "<group>"; };
		AD50E1321EC9911600C31867 /* WMLightView.h */ = {isa = PBXFileReference; fileEncoding = 4; lastKnownFileType = sourcecode.c.h; path = WMLightView.h; sourceTree = "<group>"; };
		AD50E1331EC9911600C31867 /* WMLightView.m */ = {isa = PBXFileReference; fileEncoding = 4; lastKnownFileType = sourcecode.c.objc; path = WMLightView.m; sourceTree = "<group>"; };
		AD50E1341EC9911600C31867 /* WMPlayer.bundle */ = {isa = PBXFileReference; lastKnownFileType = "wrapper.plug-in"; path = WMPlayer.bundle; sourceTree = "<group>"; };
		AD50E1351EC9911600C31867 /* WMPlayer.h */ = {isa = PBXFileReference; fileEncoding = 4; lastKnownFileType = sourcecode.c.h; path = WMPlayer.h; sourceTree = "<group>"; };
		AD50E1361EC9911600C31867 /* WMPlayer.m */ = {isa = PBXFileReference; fileEncoding = 4; lastKnownFileType = sourcecode.c.objc; path = WMPlayer.m; sourceTree = "<group>"; };
		AD5ED4DB1EC1908400F70DA6 /* VideoVC2.h */ = {isa = PBXFileReference; fileEncoding = 4; lastKnownFileType = sourcecode.c.h; path = VideoVC2.h; sourceTree = "<group>"; };
		AD5ED4DC1EC1908400F70DA6 /* VideoVC2.m */ = {isa = PBXFileReference; fileEncoding = 4; lastKnownFileType = sourcecode.c.objc; path = VideoVC2.m; sourceTree = "<group>"; };
		AD5ED5091EC19CA100F70DA6 /* libbz2.1.0.tbd */ = {isa = PBXFileReference; lastKnownFileType = "sourcecode.text-based-dylib-definition"; name = libbz2.1.0.tbd; path = usr/lib/libbz2.1.0.tbd; sourceTree = SDKROOT; };
		AD5ED50B1EC19CAC00F70DA6 /* libz.1.tbd */ = {isa = PBXFileReference; lastKnownFileType = "sourcecode.text-based-dylib-definition"; name = libz.1.tbd; path = usr/lib/libz.1.tbd; sourceTree = SDKROOT; };
		AD5ED50D1EC19CB400F70DA6 /* libc++.1.tbd */ = {isa = PBXFileReference; lastKnownFileType = "sourcecode.text-based-dylib-definition"; name = "libc++.1.tbd"; path = "usr/lib/libc++.1.tbd"; sourceTree = SDKROOT; };
		AD5ED50F1EC19CBD00F70DA6 /* libiconv.2.tbd */ = {isa = PBXFileReference; lastKnownFileType = "sourcecode.text-based-dylib-definition"; name = libiconv.2.tbd; path = usr/lib/libiconv.2.tbd; sourceTree = SDKROOT; };
		AD5ED5111EC19CC900F70DA6 /* libstdc++.6.0.9.tbd */ = {isa = PBXFileReference; lastKnownFileType = "sourcecode.text-based-dylib-definition"; name = "libstdc++.6.0.9.tbd"; path = "usr/lib/libstdc++.6.0.9.tbd"; sourceTree = SDKROOT; };
		AD5ED5131EC19CD500F70DA6 /* MediaPlayer.framework */ = {isa = PBXFileReference; lastKnownFileType = wrapper.framework; name = MediaPlayer.framework; path = System/Library/Frameworks/MediaPlayer.framework; sourceTree = SDKROOT; };
		AD5ED5151EC19CDC00F70DA6 /* AVFoundation.framework */ = {isa = PBXFileReference; lastKnownFileType = wrapper.framework; name = AVFoundation.framework; path = System/Library/Frameworks/AVFoundation.framework; sourceTree = SDKROOT; };
		AD5ED5171EC19CE400F70DA6 /* CoreAudio.framework */ = {isa = PBXFileReference; lastKnownFileType = wrapper.framework; name = CoreAudio.framework; path = System/Library/Frameworks/CoreAudio.framework; sourceTree = SDKROOT; };
		AD5ED5191EC19CF800F70DA6 /* CoreVideo.framework */ = {isa = PBXFileReference; lastKnownFileType = wrapper.framework; name = CoreVideo.framework; path = System/Library/Frameworks/CoreVideo.framework; sourceTree = SDKROOT; };
		AD5ED51B1EC19D0000F70DA6 /* CoreMedia.framework */ = {isa = PBXFileReference; lastKnownFileType = wrapper.framework; name = CoreMedia.framework; path = System/Library/Frameworks/CoreMedia.framework; sourceTree = SDKROOT; };
		AD5ED51D1EC19D0800F70DA6 /* VideoToolbox.framework */ = {isa = PBXFileReference; lastKnownFileType = wrapper.framework; name = VideoToolbox.framework; path = System/Library/Frameworks/VideoToolbox.framework; sourceTree = SDKROOT; };
		AD5ED51F1EC19D0E00F70DA6 /* AudioToolbox.framework */ = {isa = PBXFileReference; lastKnownFileType = wrapper.framework; name = AudioToolbox.framework; path = System/Library/Frameworks/AudioToolbox.framework; sourceTree = SDKROOT; };
		AD70634E1F6A1A3B00BC9F1E /* UIView+HUD.h */ = {isa = PBXFileReference; fileEncoding = 4; lastKnownFileType = sourcecode.c.h; path = "UIView+HUD.h"; sourceTree = "<group>"; };
		AD70634F1F6A1A3B00BC9F1E /* UIView+HUD.m */ = {isa = PBXFileReference; fileEncoding = 4; lastKnownFileType = sourcecode.c.objc; path = "UIView+HUD.m"; sourceTree = "<group>"; };
		AD7063511F6A669D00BC9F1E /* IJKMediaFramework.framework */ = {isa = PBXFileReference; lastKnownFileType = wrapper.framework; path = IJKMediaFramework.framework; sourceTree = "<group>"; };
		AD88F8201E66C7A400C2B373 /* PrefixHeader.pch */ = {isa = PBXFileReference; lastKnownFileType = sourcecode.c.h; path = PrefixHeader.pch; sourceTree = "<group>"; };
		AD88F8211E66C82A00C2B373 /* AppMacro.h */ = {isa = PBXFileReference; fileEncoding = 4; lastKnownFileType = sourcecode.c.h; path = AppMacro.h; sourceTree = "<group>"; };
		AD88F8221E66C82A00C2B373 /* AppServerMacro.h */ = {isa = PBXFileReference; fileEncoding = 4; lastKnownFileType = sourcecode.c.h; path = AppServerMacro.h; sourceTree = "<group>"; };
		AD88F8231E66C82A00C2B373 /* Macro.h */ = {isa = PBXFileReference; fileEncoding = 4; lastKnownFileType = sourcecode.c.h; path = Macro.h; sourceTree = "<group>"; };
		ADFBE4381E6FF15900E6585C /* AdRequest.h */ = {isa = PBXFileReference; fileEncoding = 4; lastKnownFileType = sourcecode.c.h; path = AdRequest.h; sourceTree = "<group>"; };
		ADFBE4391E6FF15900E6585C /* AdRequest.m */ = {isa = PBXFileReference; fileEncoding = 4; lastKnownFileType = sourcecode.c.objc; path = AdRequest.m; sourceTree = "<group>"; };
		ADFBE43B1E6FF18E00E6585C /* AdModel.h */ = {isa = PBXFileReference; fileEncoding = 4; lastKnownFileType = sourcecode.c.h; path = AdModel.h; sourceTree = "<group>"; };
		ADFBE43C1E6FF18E00E6585C /* AdModel.m */ = {isa = PBXFileReference; fileEncoding = 4; lastKnownFileType = sourcecode.c.objc; path = AdModel.m; sourceTree = "<group>"; };
		ADFBE43E1E6FFAF900E6585C /* HSDownloadManager.h */ = {isa = PBXFileReference; fileEncoding = 4; lastKnownFileType = sourcecode.c.h; path = HSDownloadManager.h; sourceTree = "<group>"; };
		ADFBE43F1E6FFAF900E6585C /* HSDownloadManager.m */ = {isa = PBXFileReference; fileEncoding = 4; lastKnownFileType = sourcecode.c.objc; path = HSDownloadManager.m; sourceTree = "<group>"; };
		ADFBE4451E6FFC7600E6585C /* DownloadVC.h */ = {isa = PBXFileReference; fileEncoding = 4; lastKnownFileType = sourcecode.c.h; path = DownloadVC.h; sourceTree = "<group>"; };
		ADFBE4461E6FFC7600E6585C /* DownloadVC.m */ = {isa = PBXFileReference; fileEncoding = 4; lastKnownFileType = sourcecode.c.objc; path = DownloadVC.m; sourceTree = "<group>"; };
		ADFBE4471E6FFC7600E6585C /* DownloadVC.xib */ = {isa = PBXFileReference; fileEncoding = 4; lastKnownFileType = file.xib; path = DownloadVC.xib; sourceTree = "<group>"; };
		ADFBE44A1E70028200E6585C /* DownloadVC2.h */ = {isa = PBXFileReference; fileEncoding = 4; lastKnownFileType = sourcecode.c.h; path = DownloadVC2.h; sourceTree = "<group>"; };
		ADFBE44B1E70028200E6585C /* DownloadVC2.m */ = {isa = PBXFileReference; fileEncoding = 4; lastKnownFileType = sourcecode.c.objc; path = DownloadVC2.m; sourceTree = "<group>"; };
		ADFBE44C1E70028200E6585C /* DownloadVC2.xib */ = {isa = PBXFileReference; fileEncoding = 4; lastKnownFileType = file.xib; path = DownloadVC2.xib; sourceTree = "<group>"; };
		EE6100001DABDE95004D0DD9 /* JamPickerView.m */ = {isa = PBXFileReference; fileEncoding = 4; lastKnownFileType = sourcecode.c.objc; path = JamPickerView.m; sourceTree = "<group>"; };
		EE6100011DABDE95004D0DD9 /* LockView.h */ = {isa = PBXFileReference; fileEncoding = 4; lastKnownFileType = sourcecode.c.h; path = LockView.h; sourceTree = "<group>"; };
		EE6100021DABDE95004D0DD9 /* LockView.m */ = {isa = PBXFileReference; fileEncoding = 4; lastKnownFileType = sourcecode.c.objc; path = LockView.m; sourceTree = "<group>"; };
		EE6100031DABDE95004D0DD9 /* PlaceholderTextView.h */ = {isa = PBXFileReference; fileEncoding = 4; lastKnownFileType = sourcecode.c.h; path = PlaceholderTextView.h; sourceTree = "<group>"; };
		EE6100041DABDE95004D0DD9 /* PlaceholderTextView.m */ = {isa = PBXFileReference; fileEncoding = 4; lastKnownFileType = sourcecode.c.objc; path = PlaceholderTextView.m; sourceTree = "<group>"; };
		EE6100071DABDE95004D0DD9 /* ToastView.h */ = {isa = PBXFileReference; fileEncoding = 4; lastKnownFileType = sourcecode.c.h; path = ToastView.h; sourceTree = "<group>"; };
		EE6100081DABDE95004D0DD9 /* ToastView.m */ = {isa = PBXFileReference; fileEncoding = 4; lastKnownFileType = sourcecode.c.objc; path = ToastView.m; sourceTree = "<group>"; };
		EE61FFBE1DABDDEB004D0DD9 /* Framework2.app */ = {isa = PBXFileReference; explicitFileType = wrapper.application; includeInIndex = 0; path = Framework2.app; sourceTree = BUILT_PRODUCTS_DIR; };
		EE61FFC21DABDDEB004D0DD9 /* main.m */ = {isa = PBXFileReference; lastKnownFileType = sourcecode.c.objc; path = main.m; sourceTree = "<group>"; };
		EE61FFC41DABDDEB004D0DD9 /* AppDelegate.h */ = {isa = PBXFileReference; lastKnownFileType = sourcecode.c.h; path = AppDelegate.h; sourceTree = "<group>"; };
		EE61FFC51DABDDEB004D0DD9 /* AppDelegate.m */ = {isa = PBXFileReference; lastKnownFileType = sourcecode.c.objc; path = AppDelegate.m; sourceTree = "<group>"; };
		EE61FFCB1DABDDEB004D0DD9 /* Base */ = {isa = PBXFileReference; lastKnownFileType = file.storyboard; name = Base; path = Base.lproj/Main.storyboard; sourceTree = "<group>"; };
		EE61FFCD1DABDDEB004D0DD9 /* Assets.xcassets */ = {isa = PBXFileReference; lastKnownFileType = folder.assetcatalog; path = Assets.xcassets; sourceTree = "<group>"; };
		EE61FFD01DABDDEB004D0DD9 /* Base */ = {isa = PBXFileReference; lastKnownFileType = file.storyboard; name = Base; path = Base.lproj/LaunchScreen.storyboard; sourceTree = "<group>"; };
		EE61FFD21DABDDEB004D0DD9 /* Info.plist */ = {isa = PBXFileReference; lastKnownFileType = text.plist.xml; path = Info.plist; sourceTree = "<group>"; };
		EE61FFDB1DABDE95004D0DD9 /* NSObject+Utils.h */ = {isa = PBXFileReference; fileEncoding = 4; lastKnownFileType = sourcecode.c.h; path = "NSObject+Utils.h"; sourceTree = "<group>"; };
		EE61FFDC1DABDE95004D0DD9 /* NSObject+Utils.m */ = {isa = PBXFileReference; fileEncoding = 4; lastKnownFileType = sourcecode.c.objc; path = "NSObject+Utils.m"; sourceTree = "<group>"; };
		EE61FFDD1DABDE95004D0DD9 /* NSString+Utils.h */ = {isa = PBXFileReference; fileEncoding = 4; lastKnownFileType = sourcecode.c.h; path = "NSString+Utils.h"; sourceTree = "<group>"; };
		EE61FFDE1DABDE95004D0DD9 /* NSString+Utils.m */ = {isa = PBXFileReference; fileEncoding = 4; lastKnownFileType = sourcecode.c.objc; path = "NSString+Utils.m"; sourceTree = "<group>"; };
		EE61FFDF1DABDE95004D0DD9 /* UIActionSheet+Utils.h */ = {isa = PBXFileReference; fileEncoding = 4; lastKnownFileType = sourcecode.c.h; path = "UIActionSheet+Utils.h"; sourceTree = "<group>"; };
		EE61FFE01DABDE95004D0DD9 /* UIActionSheet+Utils.m */ = {isa = PBXFileReference; fileEncoding = 4; lastKnownFileType = sourcecode.c.objc; path = "UIActionSheet+Utils.m"; sourceTree = "<group>"; };
		EE61FFE11DABDE95004D0DD9 /* UIAlertView+Utils.h */ = {isa = PBXFileReference; fileEncoding = 4; lastKnownFileType = sourcecode.c.h; path = "UIAlertView+Utils.h"; sourceTree = "<group>"; };
		EE61FFE21DABDE95004D0DD9 /* UIAlertView+Utils.m */ = {isa = PBXFileReference; fileEncoding = 4; lastKnownFileType = sourcecode.c.objc; path = "UIAlertView+Utils.m"; sourceTree = "<group>"; };
		EE61FFE31DABDE95004D0DD9 /* UIColor+Utils.h */ = {isa = PBXFileReference; fileEncoding = 4; lastKnownFileType = sourcecode.c.h; path = "UIColor+Utils.h"; sourceTree = "<group>"; };
		EE61FFE41DABDE95004D0DD9 /* UIColor+Utils.m */ = {isa = PBXFileReference; fileEncoding = 4; lastKnownFileType = sourcecode.c.objc; path = "UIColor+Utils.m"; sourceTree = "<group>"; };
		EE61FFE51DABDE95004D0DD9 /* UIImage+Resize.h */ = {isa = PBXFileReference; fileEncoding = 4; lastKnownFileType = sourcecode.c.h; path = "UIImage+Resize.h"; sourceTree = "<group>"; };
		EE61FFE61DABDE95004D0DD9 /* UIImage+Resize.m */ = {isa = PBXFileReference; fileEncoding = 4; lastKnownFileType = sourcecode.c.objc; path = "UIImage+Resize.m"; sourceTree = "<group>"; };
		EE61FFE71DABDE95004D0DD9 /* UIImage+Utils.h */ = {isa = PBXFileReference; fileEncoding = 4; lastKnownFileType = sourcecode.c.h; path = "UIImage+Utils.h"; sourceTree = "<group>"; };
		EE61FFE81DABDE95004D0DD9 /* UIImage+Utils.m */ = {isa = PBXFileReference; fileEncoding = 4; lastKnownFileType = sourcecode.c.objc; path = "UIImage+Utils.m"; sourceTree = "<group>"; };
		EE61FFE91DABDE95004D0DD9 /* UILabel+Utils.h */ = {isa = PBXFileReference; fileEncoding = 4; lastKnownFileType = sourcecode.c.h; path = "UILabel+Utils.h"; sourceTree = "<group>"; };
		EE61FFEA1DABDE95004D0DD9 /* UILabel+Utils.m */ = {isa = PBXFileReference; fileEncoding = 4; lastKnownFileType = sourcecode.c.objc; path = "UILabel+Utils.m"; sourceTree = "<group>"; };
		EE61FFEB1DABDE95004D0DD9 /* UIView+Utils.h */ = {isa = PBXFileReference; fileEncoding = 4; lastKnownFileType = sourcecode.c.h; path = "UIView+Utils.h"; sourceTree = "<group>"; };
		EE61FFEC1DABDE95004D0DD9 /* UIView+Utils.m */ = {isa = PBXFileReference; fileEncoding = 4; lastKnownFileType = sourcecode.c.objc; path = "UIView+Utils.m"; sourceTree = "<group>"; };
		EE61FFEE1DABDE95004D0DD9 /* BaseNavigationViewController.h */ = {isa = PBXFileReference; fileEncoding = 4; lastKnownFileType = sourcecode.c.h; path = BaseNavigationViewController.h; sourceTree = "<group>"; };
		EE61FFEF1DABDE95004D0DD9 /* BaseNavigationViewController.m */ = {isa = PBXFileReference; fileEncoding = 4; lastKnownFileType = sourcecode.c.objc; path = BaseNavigationViewController.m; sourceTree = "<group>"; };
		EE61FFF01DABDE95004D0DD9 /* BaseTabBarController.h */ = {isa = PBXFileReference; fileEncoding = 4; lastKnownFileType = sourcecode.c.h; path = BaseTabBarController.h; sourceTree = "<group>"; };
		EE61FFF11DABDE95004D0DD9 /* BaseTabBarController.m */ = {isa = PBXFileReference; fileEncoding = 4; lastKnownFileType = sourcecode.c.objc; path = BaseTabBarController.m; sourceTree = "<group>"; };
		EE61FFF21DABDE95004D0DD9 /* BaseTableViewController.h */ = {isa = PBXFileReference; fileEncoding = 4; lastKnownFileType = sourcecode.c.h; path = BaseTableViewController.h; sourceTree = "<group>"; };
		EE61FFF31DABDE95004D0DD9 /* BaseTableViewController.m */ = {isa = PBXFileReference; fileEncoding = 4; lastKnownFileType = sourcecode.c.objc; path = BaseTableViewController.m; sourceTree = "<group>"; };
		EE61FFF41DABDE95004D0DD9 /* BaseViewController.h */ = {isa = PBXFileReference; fileEncoding = 4; lastKnownFileType = sourcecode.c.h; path = BaseViewController.h; sourceTree = "<group>"; };
		EE61FFF51DABDE95004D0DD9 /* BaseViewController.m */ = {isa = PBXFileReference; fileEncoding = 4; lastKnownFileType = sourcecode.c.objc; path = BaseViewController.m; sourceTree = "<group>"; };
		EE61FFF61DABDE95004D0DD9 /* BaseWebViewController.h */ = {isa = PBXFileReference; fileEncoding = 4; lastKnownFileType = sourcecode.c.h; path = BaseWebViewController.h; sourceTree = "<group>"; };
		EE61FFF71DABDE95004D0DD9 /* BaseWebViewController.m */ = {isa = PBXFileReference; fileEncoding = 4; lastKnownFileType = sourcecode.c.objc; path = BaseWebViewController.m; sourceTree = "<group>"; };
		EE61FFF91DABDE95004D0DD9 /* BannerScrollView.h */ = {isa = PBXFileReference; fileEncoding = 4; lastKnownFileType = sourcecode.c.h; path = BannerScrollView.h; sourceTree = "<group>"; };
		EE61FFFA1DABDE95004D0DD9 /* BannerScrollView.m */ = {isa = PBXFileReference; fileEncoding = 4; lastKnownFileType = sourcecode.c.objc; path = BannerScrollView.m; sourceTree = "<group>"; };
		EE61FFFB1DABDE95004D0DD9 /* BaseView.h */ = {isa = PBXFileReference; fileEncoding = 4; lastKnownFileType = sourcecode.c.h; path = BaseView.h; sourceTree = "<group>"; };
		EE61FFFC1DABDE95004D0DD9 /* BaseView.m */ = {isa = PBXFileReference; fileEncoding = 4; lastKnownFileType = sourcecode.c.objc; path = BaseView.m; sourceTree = "<group>"; };
		EE61FFFD1DABDE95004D0DD9 /* ComboxPickerView.h */ = {isa = PBXFileReference; fileEncoding = 4; lastKnownFileType = sourcecode.c.h; path = ComboxPickerView.h; sourceTree = "<group>"; };
		EE61FFFE1DABDE95004D0DD9 /* ComboxPickerView.m */ = {isa = PBXFileReference; fileEncoding = 4; lastKnownFileType = sourcecode.c.objc; path = ComboxPickerView.m; sourceTree = "<group>"; };
		EE61FFFF1DABDE95004D0DD9 /* JamPickerView.h */ = {isa = PBXFileReference; fileEncoding = 4; lastKnownFileType = sourcecode.c.h; path = JamPickerView.h; sourceTree = "<group>"; };
/* End PBXFileReference section */

/* Begin PBXFrameworksBuildPhase section */
		EE61FFBB1DABDDEB004D0DD9 /* Frameworks */ = {
			isa = PBXFrameworksBuildPhase;
			buildActionMask = 2147483647;
			files = (
				AD5ED5201EC19D0F00F70DA6 /* AudioToolbox.framework in Frameworks */,
				AD5ED51E1EC19D0800F70DA6 /* VideoToolbox.framework in Frameworks */,
				AD5ED51C1EC19D0000F70DA6 /* CoreMedia.framework in Frameworks */,
				AD5ED51A1EC19CF800F70DA6 /* CoreVideo.framework in Frameworks */,
				AD5ED5181EC19CE400F70DA6 /* CoreAudio.framework in Frameworks */,
				AD5ED5161EC19CDC00F70DA6 /* AVFoundation.framework in Frameworks */,
				AD5ED5141EC19CD500F70DA6 /* MediaPlayer.framework in Frameworks */,
				AD5ED5121EC19CC900F70DA6 /* libstdc++.6.0.9.tbd in Frameworks */,
				AD5ED5101EC19CBD00F70DA6 /* libiconv.2.tbd in Frameworks */,
				AD5ED50E1EC19CB400F70DA6 /* libc++.1.tbd in Frameworks */,
				AD5ED50C1EC19CAC00F70DA6 /* libz.1.tbd in Frameworks */,
				AD5ED50A1EC19CA100F70DA6 /* libbz2.1.0.tbd in Frameworks */,
				387F4F90421CCCF027ABEEA0 /* libPods-Framework2.a in Frameworks */,
				AD7063521F6A669D00BC9F1E /* IJKMediaFramework.framework in Frameworks */,
			);
			runOnlyForDeploymentPostprocessing = 0;
		};
/* End PBXFrameworksBuildPhase section */

/* Begin PBXGroup section */
		9EE6CBEC2E528952F0B52F34 /* Frameworks */ = {
			isa = PBXGroup;
			children = (
				AD7063511F6A669D00BC9F1E /* IJKMediaFramework.framework */,
				AD5ED51F1EC19D0E00F70DA6 /* AudioToolbox.framework */,
				AD5ED51D1EC19D0800F70DA6 /* VideoToolbox.framework */,
				AD5ED51B1EC19D0000F70DA6 /* CoreMedia.framework */,
				AD5ED5191EC19CF800F70DA6 /* CoreVideo.framework */,
				AD5ED5171EC19CE400F70DA6 /* CoreAudio.framework */,
				AD5ED5151EC19CDC00F70DA6 /* AVFoundation.framework */,
				AD5ED5131EC19CD500F70DA6 /* MediaPlayer.framework */,
				AD5ED5111EC19CC900F70DA6 /* libstdc++.6.0.9.tbd */,
				AD5ED50F1EC19CBD00F70DA6 /* libiconv.2.tbd */,
				AD5ED50D1EC19CB400F70DA6 /* libc++.1.tbd */,
				AD5ED50B1EC19CAC00F70DA6 /* libz.1.tbd */,
				AD5ED5091EC19CA100F70DA6 /* libbz2.1.0.tbd */,
				2DF272E067DDF4F4E8A5690A /* libPods-Framework2.a */,
			);
			name = Frameworks;
			sourceTree = "<group>";
		};
		AA458EBC103E4A9F2635BAB9 /* Pods */ = {
			isa = PBXGroup;
			children = (
				46C561C29BBFA3BCCB31CBB1 /* Pods-Framework2.debug.xcconfig */,
				522CC26F2F4FFA6618D58CDD /* Pods-Framework2.release.xcconfig */,
			);
			name = Pods;
			sourceTree = "<group>";
		};
		AD4A3D341EB8261F0019AD0F /* KRVideoPlayer */ = {
			isa = PBXGroup;
			children = (
				AD4A3D431EB8261F0019AD0F /* Classes */,
			);
			path = KRVideoPlayer;
			sourceTree = "<group>";
		};
		AD4A3D431EB8261F0019AD0F /* Classes */ = {
			isa = PBXGroup;
			children = (
				AD4A3D441EB8261F0019AD0F /* .gitkeep */,
				AD4A3D451EB8261F0019AD0F /* KRVideoPlayerController.h */,
				AD4A3D461EB8261F0019AD0F /* KRVideoPlayerController.m */,
				AD4A3D471EB8261F0019AD0F /* KRVideoPlayerControlView.h */,
				AD4A3D481EB8261F0019AD0F /* KRVideoPlayerControlView.m */,
			);
			path = Classes;
			sourceTree = "<group>";
		};
		AD50E12D1EC9911600C31867 /* WMPlayer */ = {
			isa = PBXGroup;
			children = (
				AD50E12E1EC9911600C31867 /* View */,
				AD50E1341EC9911600C31867 /* WMPlayer.bundle */,
				AD50E1351EC9911600C31867 /* WMPlayer.h */,
				AD50E1361EC9911600C31867 /* WMPlayer.m */,
			);
			path = WMPlayer;
			sourceTree = "<group>";
		};
		AD50E12E1EC9911600C31867 /* View */ = {
			isa = PBXGroup;
			children = (
				AD50E12F1EC9911600C31867 /* FastForwardView.h */,
				AD50E1301EC9911600C31867 /* FastForwardView.m */,
				AD50E1311EC9911600C31867 /* FastForwardView.xib */,
				AD50E1321EC9911600C31867 /* WMLightView.h */,
				AD50E1331EC9911600C31867 /* WMLightView.m */,
			);
			path = View;
			sourceTree = "<group>";
		};
		ADFBE4411E6FFC4000E6585C /* Download */ = {
			isa = PBXGroup;
			children = (
				ADFBE4421E6FFC4000E6585C /* Controller */,
				ADFBE4431E6FFC4000E6585C /* Model */,
				ADFBE4441E6FFC4000E6585C /* View */,
			);
			path = Download;
			sourceTree = "<group>";
		};
		ADFBE4421E6FFC4000E6585C /* Controller */ = {
			isa = PBXGroup;
			children = (
				ADFBE4451E6FFC7600E6585C /* DownloadVC.h */,
				ADFBE4461E6FFC7600E6585C /* DownloadVC.m */,
				ADFBE4471E6FFC7600E6585C /* DownloadVC.xib */,
				ADFBE44A1E70028200E6585C /* DownloadVC2.h */,
				ADFBE44B1E70028200E6585C /* DownloadVC2.m */,
				ADFBE44C1E70028200E6585C /* DownloadVC2.xib */,
			);
			path = Controller;
			sourceTree = "<group>";
		};
		ADFBE4431E6FFC4000E6585C /* Model */ = {
			isa = PBXGroup;
			children = (
			);
			path = Model;
			sourceTree = "<group>";
		};
		ADFBE4441E6FFC4000E6585C /* View */ = {
			isa = PBXGroup;
			children = (
			);
			path = View;
			sourceTree = "<group>";
		};
		EE6100091DABDE95004D0DD9 /* Home */ = {
			isa = PBXGroup;
			children = (
				EE61000A1DABDE95004D0DD9 /* Controller */,
				EE61000B1DABDE95004D0DD9 /* Model */,
				EE61000C1DABDE95004D0DD9 /* View */,
			);
			path = Home;
			sourceTree = "<group>";
		};
		EE61000A1DABDE95004D0DD9 /* Controller */ = {
			isa = PBXGroup;
			children = (
				AD1C2BD01E6E4C7300328DD5 /* HomeViewController.h */,
				AD1C2BD11E6E4C7300328DD5 /* HomeViewController.m */,
				AD15618A1EAEE1C00086B874 /* ClircleVC.h */,
				AD15618B1EAEE1C00086B874 /* ClircleVC.m */,
				AD381CE01E8107D300AEA234 /* CollectionVC.h */,
				AD381CE11E8107D300AEA234 /* CollectionVC.m */,
				AD4A3D591EB826520019AD0F /* VideoVC.h */,
				AD4A3D5A1EB826520019AD0F /* VideoVC.m */,
				AD5ED4DB1EC1908400F70DA6 /* VideoVC2.h */,
				AD5ED4DC1EC1908400F70DA6 /* VideoVC2.m */,
				AD4E00BC1ECB01D200AB683B /* VideoVC3.h */,
				AD4E00BD1ECB01D200AB683B /* VideoVC3.m */,
			);
			path = Controller;
			sourceTree = "<group>";
		};
		EE61000B1DABDE95004D0DD9 /* Model */ = {
			isa = PBXGroup;
			children = (
				ADFBE43B1E6FF18E00E6585C /* AdModel.h */,
				ADFBE43C1E6FF18E00E6585C /* AdModel.m */,
			);
			path = Model;
			sourceTree = "<group>";
		};
		EE61000C1DABDE95004D0DD9 /* View */ = {
			isa = PBXGroup;
			children = (
				AD381CE31E81080000AEA234 /* HomeCollectionView.h */,
				AD381CE41E81080000AEA234 /* HomeCollectionView.m */,
				AD381CE61E81088600AEA234 /* HomeCollectionCell.h */,
				AD381CE71E81088600AEA234 /* HomeCollectionCell.m */,
				AD381CEC1E81172B00AEA234 /* HomeTitleCollectionCell.h */,
				AD381CED1E81172B00AEA234 /* HomeTitleCollectionCell.m */,
				AD381CE91E81130B00AEA234 /* HomeBannerView.h */,
				AD381CEA1E81130B00AEA234 /* HomeBannerView.m */,
				AD1561871EAEE1910086B874 /* ClircleHeaderView.h */,
				AD1561881EAEE1910086B874 /* ClircleHeaderView.m */,
				AD4E00B91ECAEFC100AB683B /* IJKVideoPlayerView.h */,
				AD4E00BA1ECAEFC100AB683B /* IJKVideoPlayerView.m */,
			);
			path = View;
			sourceTree = "<group>";
		};
		EE61000D1DABDE95004D0DD9 /* Define */ = {
			isa = PBXGroup;
			children = (
				AD88F8211E66C82A00C2B373 /* AppMacro.h */,
				AD88F8221E66C82A00C2B373 /* AppServerMacro.h */,
				AD88F8231E66C82A00C2B373 /* Macro.h */,
			);
			path = Define;
			sourceTree = "<group>";
		};
		EE61000E1DABDE95004D0DD9 /* Manager */ = {
			isa = PBXGroup;
			children = (
				AD1C2BD31E6E4D3500328DD5 /* DownloadManager.h */,
				AD1C2BD41E6E4D3500328DD5 /* DownloadManager.m */,
				ADFBE43E1E6FFAF900E6585C /* HSDownloadManager.h */,
				ADFBE43F1E6FFAF900E6585C /* HSDownloadManager.m */,
			);
			path = Manager;
			sourceTree = "<group>";
		};
		EE61000F1DABDE95004D0DD9 /* Request */ = {
			isa = PBXGroup;
			children = (
				AD1063931E67C0C0009EDC15 /* BaseRequest.h */,
				AD1063941E67C0C0009EDC15 /* BaseRequest.m */,
				ADFBE4381E6FF15900E6585C /* AdRequest.h */,
				ADFBE4391E6FF15900E6585C /* AdRequest.m */,
			);
			path = Request;
			sourceTree = "<group>";
		};
		EE6100261DABDEE3004D0DD9 /* Library */ = {
			isa = PBXGroup;
			children = (
				AD50E12D1EC9911600C31867 /* WMPlayer */,
				AD4A3D341EB8261F0019AD0F /* KRVideoPlayer */,
			);
			path = Library;
			sourceTree = "<group>";
		};
		EE61FFB51DABDDEB004D0DD9 = {
			isa = PBXGroup;
			children = (
				EE61FFC01DABDDEB004D0DD9 /* Framework2 */,
				EE61FFBF1DABDDEB004D0DD9 /* Products */,
				AA458EBC103E4A9F2635BAB9 /* Pods */,
				9EE6CBEC2E528952F0B52F34 /* Frameworks */,
			);
			sourceTree = "<group>";
		};
		EE61FFBF1DABDDEB004D0DD9 /* Products */ = {
			isa = PBXGroup;
			children = (
				EE61FFBE1DABDDEB004D0DD9 /* Framework2.app */,
			);
			name = Products;
			sourceTree = "<group>";
		};
		EE61FFC01DABDDEB004D0DD9 /* Framework2 */ = {
			isa = PBXGroup;
			children = (
				EE61000D1DABDE95004D0DD9 /* Define */,
				EE6100261DABDEE3004D0DD9 /* Library */,
				EE61000E1DABDE95004D0DD9 /* Manager */,
				EE61000F1DABDE95004D0DD9 /* Request */,
				EE61FFD81DABDE95004D0DD9 /* Controller */,
				EE61FFC41DABDDEB004D0DD9 /* AppDelegate.h */,
				EE61FFC51DABDDEB004D0DD9 /* AppDelegate.m */,
				EE61FFCA1DABDDEB004D0DD9 /* Main.storyboard */,
				EE61FFCD1DABDDEB004D0DD9 /* Assets.xcassets */,
				EE61FFCF1DABDDEB004D0DD9 /* LaunchScreen.storyboard */,
				EE61FFD21DABDDEB004D0DD9 /* Info.plist */,
				EE61FFC11DABDDEB004D0DD9 /* Supporting Files */,
			);
			path = Framework2;
			sourceTree = "<group>";
		};
		EE61FFC11DABDDEB004D0DD9 /* Supporting Files */ = {
			isa = PBXGroup;
			children = (
				EE61FFC21DABDDEB004D0DD9 /* main.m */,
				AD88F8201E66C7A400C2B373 /* PrefixHeader.pch */,
			);
			name = "Supporting Files";
			sourceTree = "<group>";
		};
		EE61FFD81DABDE95004D0DD9 /* Controller */ = {
			isa = PBXGroup;
			children = (
				EE61FFD91DABDE95004D0DD9 /* General */,
				EE6100091DABDE95004D0DD9 /* Home */,
				ADFBE4411E6FFC4000E6585C /* Download */,
			);
			path = Controller;
			sourceTree = "<group>";
		};
		EE61FFD91DABDE95004D0DD9 /* General */ = {
			isa = PBXGroup;
			children = (
				EE61FFDA1DABDE95004D0DD9 /* Categories */,
				EE61FFED1DABDE95004D0DD9 /* Classes */,
				EE61FFF81DABDE95004D0DD9 /* Views */,
			);
			path = General;
			sourceTree = "<group>";
		};
		EE61FFDA1DABDE95004D0DD9 /* Categories */ = {
			isa = PBXGroup;
			children = (
				EE61FFDB1DABDE95004D0DD9 /* NSObject+Utils.h */,
				EE61FFDC1DABDE95004D0DD9 /* NSObject+Utils.m */,
				EE61FFDD1DABDE95004D0DD9 /* NSString+Utils.h */,
				EE61FFDE1DABDE95004D0DD9 /* NSString+Utils.m */,
				EE61FFDF1DABDE95004D0DD9 /* UIActionSheet+Utils.h */,
				EE61FFE01DABDE95004D0DD9 /* UIActionSheet+Utils.m */,
				EE61FFE11DABDE95004D0DD9 /* UIAlertView+Utils.h */,
				EE61FFE21DABDE95004D0DD9 /* UIAlertView+Utils.m */,
				EE61FFE31DABDE95004D0DD9 /* UIColor+Utils.h */,
				EE61FFE41DABDE95004D0DD9 /* UIColor+Utils.m */,
				EE61FFE51DABDE95004D0DD9 /* UIImage+Resize.h */,
				EE61FFE61DABDE95004D0DD9 /* UIImage+Resize.m */,
				EE61FFE71DABDE95004D0DD9 /* UIImage+Utils.h */,
				EE61FFE81DABDE95004D0DD9 /* UIImage+Utils.m */,
				EE61FFE91DABDE95004D0DD9 /* UILabel+Utils.h */,
				EE61FFEA1DABDE95004D0DD9 /* UILabel+Utils.m */,
				EE61FFEB1DABDE95004D0DD9 /* UIView+Utils.h */,
				EE61FFEC1DABDE95004D0DD9 /* UIView+Utils.m */,
				AD70634E1F6A1A3B00BC9F1E /* UIView+HUD.h */,
				AD70634F1F6A1A3B00BC9F1E /* UIView+HUD.m */,
			);
			path = Categories;
			sourceTree = "<group>";
		};
		EE61FFED1DABDE95004D0DD9 /* Classes */ = {
			isa = PBXGroup;
			children = (
				EE61FFEE1DABDE95004D0DD9 /* BaseNavigationViewController.h */,
				EE61FFEF1DABDE95004D0DD9 /* BaseNavigationViewController.m */,
				EE61FFF01DABDE95004D0DD9 /* BaseTabBarController.h */,
				EE61FFF11DABDE95004D0DD9 /* BaseTabBarController.m */,
				EE61FFF21DABDE95004D0DD9 /* BaseTableViewController.h */,
				EE61FFF31DABDE95004D0DD9 /* BaseTableViewController.m */,
				EE61FFF41DABDE95004D0DD9 /* BaseViewController.h */,
				EE61FFF51DABDE95004D0DD9 /* BaseViewController.m */,
				EE61FFF61DABDE95004D0DD9 /* BaseWebViewController.h */,
				EE61FFF71DABDE95004D0DD9 /* BaseWebViewController.m */,
			);
			path = Classes;
			sourceTree = "<group>";
		};
		EE61FFF81DABDE95004D0DD9 /* Views */ = {
			isa = PBXGroup;
			children = (
				EE61FFF91DABDE95004D0DD9 /* BannerScrollView.h */,
				EE61FFFA1DABDE95004D0DD9 /* BannerScrollView.m */,
				EE61FFFB1DABDE95004D0DD9 /* BaseView.h */,
				EE61FFFC1DABDE95004D0DD9 /* BaseView.m */,
				EE61FFFD1DABDE95004D0DD9 /* ComboxPickerView.h */,
				EE61FFFE1DABDE95004D0DD9 /* ComboxPickerView.m */,
				EE61FFFF1DABDE95004D0DD9 /* JamPickerView.h */,
				EE6100001DABDE95004D0DD9 /* JamPickerView.m */,
				EE6100011DABDE95004D0DD9 /* LockView.h */,
				EE6100021DABDE95004D0DD9 /* LockView.m */,
				EE6100031DABDE95004D0DD9 /* PlaceholderTextView.h */,
				EE6100041DABDE95004D0DD9 /* PlaceholderTextView.m */,
				EE6100071DABDE95004D0DD9 /* ToastView.h */,
				EE6100081DABDE95004D0DD9 /* ToastView.m */,
			);
			path = Views;
			sourceTree = "<group>";
		};
/* End PBXGroup section */

/* Begin PBXNativeTarget section */
		EE61FFBD1DABDDEB004D0DD9 /* Framework2 */ = {
			isa = PBXNativeTarget;
			buildConfigurationList = EE61FFD51DABDDEB004D0DD9 /* Build configuration list for PBXNativeTarget "Framework2" */;
			buildPhases = (
				AE7BE24CAD19CF1C089E36F9 /* [CP] Check Pods Manifest.lock */,
				EE61FFBA1DABDDEB004D0DD9 /* Sources */,
				EE61FFBB1DABDDEB004D0DD9 /* Frameworks */,
				EE61FFBC1DABDDEB004D0DD9 /* Resources */,
				4122B0F940440A318DC52ABD /* [CP] Embed Pods Frameworks */,
				3E82C55ACEFA2F9032D591A8 /* [CP] Copy Pods Resources */,
			);
			buildRules = (
			);
			dependencies = (
			);
			name = Framework2;
			productName = Framework2;
			productReference = EE61FFBE1DABDDEB004D0DD9 /* Framework2.app */;
			productType = "com.apple.product-type.application";
		};
/* End PBXNativeTarget section */

/* Begin PBXProject section */
		EE61FFB61DABDDEB004D0DD9 /* Project object */ = {
			isa = PBXProject;
			attributes = {
				LastUpgradeCheck = 0820;
				ORGANIZATIONNAME = "郭江";
				TargetAttributes = {
					EE61FFBD1DABDDEB004D0DD9 = {
						CreatedOnToolsVersion = 8.0;
						DevelopmentTeam = B4VX949QFW;
						ProvisioningStyle = Automatic;
					};
				};
			};
			buildConfigurationList = EE61FFB91DABDDEB004D0DD9 /* Build configuration list for PBXProject "Framework2" */;
			compatibilityVersion = "Xcode 3.2";
			developmentRegion = English;
			hasScannedForEncodings = 0;
			knownRegions = (
				en,
				Base,
			);
			mainGroup = EE61FFB51DABDDEB004D0DD9;
			productRefGroup = EE61FFBF1DABDDEB004D0DD9 /* Products */;
			projectDirPath = "";
			projectRoot = "";
			targets = (
				EE61FFBD1DABDDEB004D0DD9 /* Framework2 */,
			);
		};
/* End PBXProject section */

/* Begin PBXResourcesBuildPhase section */
		EE61FFBC1DABDDEB004D0DD9 /* Resources */ = {
			isa = PBXResourcesBuildPhase;
			buildActionMask = 2147483647;
			files = (
				AD50E13A1EC9911600C31867 /* WMPlayer.bundle in Resources */,
				AD4A3D561EB8261F0019AD0F /* .gitkeep in Resources */,
				ADFBE4491E6FFC7600E6585C /* DownloadVC.xib in Resources */,
				ADFBE44E1E70028200E6585C /* DownloadVC2.xib in Resources */,
				AD50E1381EC9911600C31867 /* FastForwardView.xib in Resources */,
				EE61FFD11DABDDEB004D0DD9 /* LaunchScreen.storyboard in Resources */,
				EE61FFCE1DABDDEB004D0DD9 /* Assets.xcassets in Resources */,
				EE61FFCC1DABDDEB004D0DD9 /* Main.storyboard in Resources */,
			);
			runOnlyForDeploymentPostprocessing = 0;
		};
/* End PBXResourcesBuildPhase section */

/* Begin PBXShellScriptBuildPhase section */
		3E82C55ACEFA2F9032D591A8 /* [CP] Copy Pods Resources */ = {
			isa = PBXShellScriptBuildPhase;
			buildActionMask = 2147483647;
			files = (
			);
			inputPaths = (
			);
			name = "[CP] Copy Pods Resources";
			outputPaths = (
			);
			runOnlyForDeploymentPostprocessing = 0;
			shellPath = /bin/sh;
			shellScript = "\"${SRCROOT}/Pods/Target Support Files/Pods-Framework2/Pods-Framework2-resources.sh\"\n";
			showEnvVarsInLog = 0;
		};
		4122B0F940440A318DC52ABD /* [CP] Embed Pods Frameworks */ = {
			isa = PBXShellScriptBuildPhase;
			buildActionMask = 2147483647;
			files = (
			);
			inputPaths = (
			);
			name = "[CP] Embed Pods Frameworks";
			outputPaths = (
			);
			runOnlyForDeploymentPostprocessing = 0;
			shellPath = /bin/sh;
			shellScript = "\"${SRCROOT}/Pods/Target Support Files/Pods-Framework2/Pods-Framework2-frameworks.sh\"\n";
			showEnvVarsInLog = 0;
		};
		AE7BE24CAD19CF1C089E36F9 /* [CP] Check Pods Manifest.lock */ = {
			isa = PBXShellScriptBuildPhase;
			buildActionMask = 2147483647;
			files = (
			);
			inputPaths = (
			);
			name = "[CP] Check Pods Manifest.lock";
			outputPaths = (
			);
			runOnlyForDeploymentPostprocessing = 0;
			shellPath = /bin/sh;
			shellScript = "diff \"${PODS_ROOT}/../Podfile.lock\" \"${PODS_ROOT}/Manifest.lock\" > /dev/null\nif [ $? != 0 ] ; then\n    # print error to STDERR\n    echo \"error: The sandbox is not in sync with the Podfile.lock. Run 'pod install' or update your CocoaPods installation.\" >&2\n    exit 1\nfi\n";
			showEnvVarsInLog = 0;
		};
/* End PBXShellScriptBuildPhase section */

/* Begin PBXSourcesBuildPhase section */
		EE61FFBA1DABDDEB004D0DD9 /* Sources */ = {
			isa = PBXSourcesBuildPhase;
			buildActionMask = 2147483647;
			files = (
				EE61FFC61DABDDEB004D0DD9 /* AppDelegate.m in Sources */,
				AD1063951E67C0C0009EDC15 /* BaseRequest.m in Sources */,
				AD381CE81E81088600AEA234 /* HomeCollectionCell.m in Sources */,
				EE6100111DABDE95004D0DD9 /* NSString+Utils.m in Sources */,
				AD4E00BE1ECB01D200AB683B /* VideoVC3.m in Sources */,
				EE6100141DABDE95004D0DD9 /* UIColor+Utils.m in Sources */,
				EE61001B1DABDE95004D0DD9 /* BaseTableViewController.m in Sources */,
				ADFBE4401E6FFAF900E6585C /* HSDownloadManager.m in Sources */,
				EE6100121DABDE95004D0DD9 /* UIActionSheet+Utils.m in Sources */,
				ADFBE43A1E6FF15900E6585C /* AdRequest.m in Sources */,
				EE6100211DABDE95004D0DD9 /* JamPickerView.m in Sources */,
				EE6100221DABDE95004D0DD9 /* LockView.m in Sources */,
				EE6100201DABDE95004D0DD9 /* ComboxPickerView.m in Sources */,
				EE6100171DABDE95004D0DD9 /* UILabel+Utils.m in Sources */,
				EE6100181DABDE95004D0DD9 /* UIView+Utils.m in Sources */,
				ADFBE44D1E70028200E6585C /* DownloadVC2.m in Sources */,
				AD50E1391EC9911600C31867 /* WMLightView.m in Sources */,
				AD381CEE1E81172B00AEA234 /* HomeTitleCollectionCell.m in Sources */,
				AD381CE21E8107D300AEA234 /* CollectionVC.m in Sources */,
				EE6100231DABDE95004D0DD9 /* PlaceholderTextView.m in Sources */,
				AD4A3D581EB8261F0019AD0F /* KRVideoPlayerControlView.m in Sources */,
				AD381CE51E81080000AEA234 /* HomeCollectionView.m in Sources */,
				EE6100151DABDE95004D0DD9 /* UIImage+Resize.m in Sources */,
				EE61001C1DABDE95004D0DD9 /* BaseViewController.m in Sources */,
				ADFBE4481E6FFC7600E6585C /* DownloadVC.m in Sources */,
				AD5ED4DD1EC1908400F70DA6 /* VideoVC2.m in Sources */,
				AD4A3D571EB8261F0019AD0F /* KRVideoPlayerController.m in Sources */,
				AD4E00BB1ECAEFC100AB683B /* IJKVideoPlayerView.m in Sources */,
				AD50E13B1EC9911600C31867 /* WMPlayer.m in Sources */,
				EE6100251DABDE95004D0DD9 /* ToastView.m in Sources */,
				EE61001A1DABDE95004D0DD9 /* BaseTabBarController.m in Sources */,
				EE6100131DABDE95004D0DD9 /* UIAlertView+Utils.m in Sources */,
				AD1C2BD51E6E4D3500328DD5 /* DownloadManager.m in Sources */,
				AD7063501F6A1A3B00BC9F1E /* UIView+HUD.m in Sources */,
				EE61FFC31DABDDEB004D0DD9 /* main.m in Sources */,
				AD50E1371EC9911600C31867 /* FastForwardView.m in Sources */,
				EE61001D1DABDE95004D0DD9 /* BaseWebViewController.m in Sources */,
				EE6100191DABDE95004D0DD9 /* BaseNavigationViewController.m in Sources */,
				AD15618C1EAEE1C00086B874 /* ClircleVC.m in Sources */,
				ADFBE43D1E6FF18E00E6585C /* AdModel.m in Sources */,
				AD4A3D5B1EB826520019AD0F /* VideoVC.m in Sources */,
				EE6100101DABDE95004D0DD9 /* NSObject+Utils.m in Sources */,
				AD1561891EAEE1910086B874 /* ClircleHeaderView.m in Sources */,
				AD381CEB1E81130B00AEA234 /* HomeBannerView.m in Sources */,
				EE61001F1DABDE95004D0DD9 /* BaseView.m in Sources */,
				EE6100161DABDE95004D0DD9 /* UIImage+Utils.m in Sources */,
				EE61001E1DABDE95004D0DD9 /* BannerScrollView.m in Sources */,
				AD1C2BD21E6E4C7300328DD5 /* HomeViewController.m in Sources */,
			);
			runOnlyForDeploymentPostprocessing = 0;
		};
/* End PBXSourcesBuildPhase section */

/* Begin PBXVariantGroup section */
		EE61FFCA1DABDDEB004D0DD9 /* Main.storyboard */ = {
			isa = PBXVariantGroup;
			children = (
				EE61FFCB1DABDDEB004D0DD9 /* Base */,
			);
			name = Main.storyboard;
			sourceTree = "<group>";
		};
		EE61FFCF1DABDDEB004D0DD9 /* LaunchScreen.storyboard */ = {
			isa = PBXVariantGroup;
			children = (
				EE61FFD01DABDDEB004D0DD9 /* Base */,
			);
			name = LaunchScreen.storyboard;
			sourceTree = "<group>";
		};
/* End PBXVariantGroup section */

/* Begin XCBuildConfiguration section */
		EE61FFD31DABDDEB004D0DD9 /* Debug */ = {
			isa = XCBuildConfiguration;
			buildSettings = {
				ALWAYS_SEARCH_USER_PATHS = NO;
				CLANG_ANALYZER_NONNULL = YES;
				CLANG_CXX_LANGUAGE_STANDARD = "gnu++0x";
				CLANG_CXX_LIBRARY = "libc++";
				CLANG_ENABLE_MODULES = YES;
				CLANG_ENABLE_OBJC_ARC = YES;
				CLANG_WARN_BOOL_CONVERSION = YES;
				CLANG_WARN_CONSTANT_CONVERSION = YES;
				CLANG_WARN_DIRECT_OBJC_ISA_USAGE = YES_ERROR;
				CLANG_WARN_DOCUMENTATION_COMMENTS = YES;
				CLANG_WARN_EMPTY_BODY = YES;
				CLANG_WARN_ENUM_CONVERSION = YES;
				CLANG_WARN_INFINITE_RECURSION = YES;
				CLANG_WARN_INT_CONVERSION = YES;
				CLANG_WARN_OBJC_ROOT_CLASS = YES_ERROR;
				CLANG_WARN_SUSPICIOUS_MOVE = YES;
				CLANG_WARN_SUSPICIOUS_MOVES = YES;
				CLANG_WARN_UNREACHABLE_CODE = YES;
				CLANG_WARN__DUPLICATE_METHOD_MATCH = YES;
				"CODE_SIGN_IDENTITY[sdk=iphoneos*]" = "iPhone Developer";
				COPY_PHASE_STRIP = NO;
				DEBUG_INFORMATION_FORMAT = dwarf;
				ENABLE_STRICT_OBJC_MSGSEND = YES;
				ENABLE_TESTABILITY = YES;
				GCC_C_LANGUAGE_STANDARD = gnu99;
				GCC_DYNAMIC_NO_PIC = NO;
				GCC_NO_COMMON_BLOCKS = YES;
				GCC_OPTIMIZATION_LEVEL = 0;
				GCC_PREPROCESSOR_DEFINITIONS = (
					"DEBUG=1",
					"$(inherited)",
				);
				GCC_WARN_64_TO_32_BIT_CONVERSION = YES;
				GCC_WARN_ABOUT_RETURN_TYPE = YES_ERROR;
				GCC_WARN_UNDECLARED_SELECTOR = YES;
				GCC_WARN_UNINITIALIZED_AUTOS = YES_AGGRESSIVE;
				GCC_WARN_UNUSED_FUNCTION = YES;
				GCC_WARN_UNUSED_VARIABLE = YES;
				IPHONEOS_DEPLOYMENT_TARGET = 10.0;
				MTL_ENABLE_DEBUG_INFO = YES;
				ONLY_ACTIVE_ARCH = YES;
				SDKROOT = iphoneos;
			};
			name = Debug;
		};
		EE61FFD41DABDDEB004D0DD9 /* Release */ = {
			isa = XCBuildConfiguration;
			buildSettings = {
				ALWAYS_SEARCH_USER_PATHS = NO;
				CLANG_ANALYZER_NONNULL = YES;
				CLANG_CXX_LANGUAGE_STANDARD = "gnu++0x";
				CLANG_CXX_LIBRARY = "libc++";
				CLANG_ENABLE_MODULES = YES;
				CLANG_ENABLE_OBJC_ARC = YES;
				CLANG_WARN_BOOL_CONVERSION = YES;
				CLANG_WARN_CONSTANT_CONVERSION = YES;
				CLANG_WARN_DIRECT_OBJC_ISA_USAGE = YES_ERROR;
				CLANG_WARN_DOCUMENTATION_COMMENTS = YES;
				CLANG_WARN_EMPTY_BODY = YES;
				CLANG_WARN_ENUM_CONVERSION = YES;
				CLANG_WARN_INFINITE_RECURSION = YES;
				CLANG_WARN_INT_CONVERSION = YES;
				CLANG_WARN_OBJC_ROOT_CLASS = YES_ERROR;
				CLANG_WARN_SUSPICIOUS_MOVE = YES;
				CLANG_WARN_SUSPICIOUS_MOVES = YES;
				CLANG_WARN_UNREACHABLE_CODE = YES;
				CLANG_WARN__DUPLICATE_METHOD_MATCH = YES;
				"CODE_SIGN_IDENTITY[sdk=iphoneos*]" = "iPhone Developer";
				COPY_PHASE_STRIP = NO;
				DEBUG_INFORMATION_FORMAT = "dwarf-with-dsym";
				ENABLE_NS_ASSERTIONS = NO;
				ENABLE_STRICT_OBJC_MSGSEND = YES;
				GCC_C_LANGUAGE_STANDARD = gnu99;
				GCC_NO_COMMON_BLOCKS = YES;
				GCC_WARN_64_TO_32_BIT_CONVERSION = YES;
				GCC_WARN_ABOUT_RETURN_TYPE = YES_ERROR;
				GCC_WARN_UNDECLARED_SELECTOR = YES;
				GCC_WARN_UNINITIALIZED_AUTOS = YES_AGGRESSIVE;
				GCC_WARN_UNUSED_FUNCTION = YES;
				GCC_WARN_UNUSED_VARIABLE = YES;
				IPHONEOS_DEPLOYMENT_TARGET = 10.0;
				MTL_ENABLE_DEBUG_INFO = NO;
				SDKROOT = iphoneos;
				VALIDATE_PRODUCT = YES;
			};
			name = Release;
		};
		EE61FFD61DABDDEB004D0DD9 /* Debug */ = {
			isa = XCBuildConfiguration;
			baseConfigurationReference = 46C561C29BBFA3BCCB31CBB1 /* Pods-Framework2.debug.xcconfig */;
			buildSettings = {
				ASSETCATALOG_COMPILER_APPICON_NAME = AppIcon;
				CLANG_CXX_LIBRARY = "libstdc++";
				DEVELOPMENT_TEAM = B4VX949QFW;
				FRAMEWORK_SEARCH_PATHS = (
					"$(inherited)",
					"$(PROJECT_DIR)",
				);
				GCC_PREFIX_HEADER = Framework2/PrefixHeader.pch;
				INFOPLIST_FILE = Framework2/Info.plist;
				IPHONEOS_DEPLOYMENT_TARGET = 9.0;
				LD_RUNPATH_SEARCH_PATHS = "$(inherited) @executable_path/Frameworks";
				PRODUCT_BUNDLE_IDENTIFIER = com.gejiangs.Framework2;
				PRODUCT_NAME = "$(TARGET_NAME)";
			};
			name = Debug;
		};
		EE61FFD71DABDDEB004D0DD9 /* Release */ = {
			isa = XCBuildConfiguration;
			baseConfigurationReference = 522CC26F2F4FFA6618D58CDD /* Pods-Framework2.release.xcconfig */;
			buildSettings = {
				ASSETCATALOG_COMPILER_APPICON_NAME = AppIcon;
				CLANG_CXX_LIBRARY = "libstdc++";
				DEVELOPMENT_TEAM = B4VX949QFW;
				FRAMEWORK_SEARCH_PATHS = (
					"$(inherited)",
					"$(PROJECT_DIR)",
				);
				GCC_PREFIX_HEADER = Framework2/PrefixHeader.pch;
				INFOPLIST_FILE = Framework2/Info.plist;
				IPHONEOS_DEPLOYMENT_TARGET = 9.0;
				LD_RUNPATH_SEARCH_PATHS = "$(inherited) @executable_path/Frameworks";
				PRODUCT_BUNDLE_IDENTIFIER = com.gejiangs.Framework2;
				PRODUCT_NAME = "$(TARGET_NAME)";
			};
			name = Release;
		};
/* End XCBuildConfiguration section */

/* Begin XCConfigurationList section */
		EE61FFB91DABDDEB004D0DD9 /* Build configuration list for PBXProject "Framework2" */ = {
			isa = XCConfigurationList;
			buildConfigurations = (
				EE61FFD31DABDDEB004D0DD9 /* Debug */,
				EE61FFD41DABDDEB004D0DD9 /* Release */,
			);
			defaultConfigurationIsVisible = 0;
			defaultConfigurationName = Release;
		};
		EE61FFD51DABDDEB004D0DD9 /* Build configuration list for PBXNativeTarget "Framework2" */ = {
			isa = XCConfigurationList;
			buildConfigurations = (
				EE61FFD61DABDDEB004D0DD9 /* Debug */,
				EE61FFD71DABDDEB004D0DD9 /* Release */,
			);
			defaultConfigurationIsVisible = 0;
			defaultConfigurationName = Release;
		};
/* End XCConfigurationList section */
	};
	rootObject = EE61FFB61DABDDEB004D0DD9 /* Project object */;
}
